
Microsoft Visual Studio Solution File, Format Version 12.00
# Visual Studio Version 16
VisualStudioVersion = 16.0.33214.272
MinimumVisualStudioVersion = 10.0.40219.1
Project("{8BC9CEB8-8B4A-11D0-8D11-00A0C91BC942}") = "GuessMyNumber", "GuessMyNumber.vcxproj", "{00170413-381E-456C-A467-208A66AB6777}"
EndProject
Global
	GlobalSection(SolutionConfigurationPlatforms) = preSolution
		Debug|x64 = Debug|x64
		Debug|x86 = Debug|x86
		Release|x64 = Release|x64
		Release|x86 = Release|x86
	EndGlobalSection
	GlobalSection(ProjectConfigurationPlatforms) = postSolution
		{00170413-381E-456C-A467-208A66AB6777}.Debug|x64.ActiveCfg = Debug|x64
		{00170413-381E-456C-A467-208A66AB6777}.Debug|x64.Build.0 = Debug|x64
		{00170413-381E-456C-A467-208A66AB6777}.Debug|x86.ActiveCfg = Debug|Win32
		{00170413-381E-456C-A467-208A66AB6777}.Debug|x86.Build.0 = Debug|Win32
		{00170413-381E-456C-A467-208A66AB6777}.Release|x64.ActiveCfg = Release|x64
		{00170413-381E-456C-A467-208A66AB6777}.Release|x64.Build.0 = Release|x64
		{00170413-381E-456C-A467-208A66AB6777}.Release|x86.ActiveCfg = Release|Win32
		{00170413-381E-456C-A467-208A66AB6777}.Release|x86.Build.0 = Release|Win32
	EndGlobalSection
	GlobalSection(SolutionProperties) = preSolution
		HideSolutionNode = FALSE
	EndGlobalSection
	GlobalSection(ExtensibilityGlobals) = postSolution
		SolutionGuid = {628544F2-8545-461C-8F6D-F94EBCD9679A}
	EndGlobalSection
EndGlobal
